
Microsoft Visual Studio Solution File, Format Version 12.00
# Visual Studio Version 17
VisualStudioVersion = 17.9.34714.143
MinimumVisualStudioVersion = 10.0.40219.1
Project("{9A19103F-16F7-4668-BE54-9A1E7A4F7556}") = "WebUı", "WebUı\WebUı.csproj", "{CDCCE7DE-70E8-4F07-B6CA-F85FA50CEE2B}"
EndProject
Global
	GlobalSection(SolutionConfigurationPlatforms) = preSolution
		Debug|Any CPU = Debug|Any CPU
		Release|Any CPU = Release|Any CPU
	EndGlobalSection
	GlobalSection(ProjectConfigurationPlatforms) = postSolution
		{CDCCE7DE-70E8-4F07-B6CA-F85FA50CEE2B}.Debug|Any CPU.ActiveCfg = Debug|Any CPU
		{CDCCE7DE-70E8-4F07-B6CA-F85FA50CEE2B}.Debug|Any CPU.Build.0 = Debug|Any CPU
		{CDCCE7DE-70E8-4F07-B6CA-F85FA50CEE2B}.Release|Any CPU.ActiveCfg = Release|Any CPU
		{CDCCE7DE-70E8-4F07-B6CA-F85FA50CEE2B}.Release|Any CPU.Build.0 = Release|Any CPU
	EndGlobalSection
	GlobalSection(SolutionProperties) = preSolution
		HideSolutionNode = FALSE
	EndGlobalSection
	GlobalSection(ExtensibilityGlobals) = postSolution
		SolutionGuid = {2E6DF77E-8B4E-461C-A915-D0804603CF61}
	EndGlobalSection
EndGlobal
